
Microsoft Visual Studio Solution File, Format Version 12.00
# Visual Studio 14
VisualStudioVersion = 14.0.25420.1
MinimumVisualStudioVersion = 10.0.40219.1
Project("{2150E333-8FDC-42A3-9474-1A3956D46DE8}") = "01.SYDB.Presentation", "01.SYDB.Presentation", "{EF9DECD3-9C84-428A-92B5-8047865589B9}"
EndProject
Project("{2150E333-8FDC-42A3-9474-1A3956D46DE8}") = "02.SYDB.Application", "02.SYDB.Application", "{67B22B77-FC43-4127-9D9F-EBB8C861B839}"
EndProject
Project("{2150E333-8FDC-42A3-9474-1A3956D46DE8}") = "03.SYDB.Infrastructure", "03.SYDB.Infrastructure", "{4D94016B-2B71-446C-928F-A601A429F041}"
EndProject
Project("{FAE04EC0-301F-11D3-BF4B-00C04F79EFBC}") = "SYDB.Admin", "01.SYDB.Presentation\SYDB.Admin\SYDB.Admin.csproj", "{D6EF8D0E-AC88-42D0-9FF7-8D90F7F675DF}"
EndProject
Project("{FAE04EC0-301F-11D3-BF4B-00C04F79EFBC}") = "SYDB.API", "01.SYDB.Presentation\SYDB.API\SYDB.API.csproj", "{5F94CA27-8789-47E8-A994-E1189B139C7B}"
EndProject
Project("{FAE04EC0-301F-11D3-BF4B-00C04F79EFBC}") = "SYDB.Infrastructure.Utility", "03.SYDB.Infrastructure\SYDB.Infrastructure.Utility\SYDB.Infrastructure.Utility.csproj", "{D0500657-8A2C-4732-B6D6-74DFC930A50A}"
EndProject
Project("{FAE04EC0-301F-11D3-BF4B-00C04F79EFBC}") = "SYDB.Infrastructure.UnitTest", "03.SYDB.Infrastructure\SYDB.Infrastructure.UnitTest\SYDB.Infrastructure.UnitTest.csproj", "{0EEEB406-F98D-4B6F-B60F-388144AE0AE9}"
EndProject
Project("{FAE04EC0-301F-11D3-BF4B-00C04F79EFBC}") = "SYDB.DAO", "02.SYDB.Application\SYDB.DAO\SYDB.DAO.csproj", "{39138FC2-DF7A-4A46-9BB1-8A98C1B54F57}"
EndProject
Project("{FAE04EC0-301F-11D3-BF4B-00C04F79EFBC}") = "SYDB.IDAO", "02.SYDB.Application\SYDB.IDAO\SYDB.IDAO.csproj", "{7647DD05-16E7-4F64-ADED-CE53766300A8}"
EndProject
Project("{FAE04EC0-301F-11D3-BF4B-00C04F79EFBC}") = "SYDB.Infrastructure.Entity", "03.SYDB.Infrastructure\SYDB.Infrastructure.Entity\SYDB.Infrastructure.Entity.csproj", "{22D468CD-37F5-45A6-B1F8-0A900765759C}"
EndProject
Project("{FAE04EC0-301F-11D3-BF4B-00C04F79EFBC}") = "SYDB.Infrastructure.ORM", "03.SYDB.Infrastructure\SYDB.Infrastructure.ORM\SYDB.Infrastructure.ORM.csproj", "{99AA534E-4287-4F12-9871-B366FBCB85CD}"
EndProject
Project("{FAE04EC0-301F-11D3-BF4B-00C04F79EFBC}") = "SYDB.TaskSchedu", "01.SYDB.Presentation\SYDB.TaskSchedu\SYDB.TaskSchedu.csproj", "{4C7BC941-5271-4303-8BB9-DED19427E310}"
EndProject
Project("{FAE04EC0-301F-11D3-BF4B-00C04F79EFBC}") = "SYDB.Infrastructure.Authorize", "03.SYDB.Infrastructure\SYDB.Infrastructure.Authorize\SYDB.Infrastructure.Authorize.csproj", "{55DF688A-192A-45CB-B612-6DDD536FF3E8}"
EndProject
Project("{2150E333-8FDC-42A3-9474-1A3956D46DE8}") = "04.SYDB.Plugins", "04.SYDB.Plugins", "{5F36A9AD-910E-418B-8364-367D0AE2217A}"
EndProject
Project("{FAE04EC0-301F-11D3-BF4B-00C04F79EFBC}") = "SYDB.Plugin.Cache", "04.SYDB.Plugins\SYDB.Plugin.Cache\SYDB.Plugin.Cache.csproj", "{03014F27-533B-4EAB-85E5-80B8FFBB9137}"
EndProject
Project("{FAE04EC0-301F-11D3-BF4B-00C04F79EFBC}") = "SYDB.Plugin.Cache.AspNet", "04.SYDB.Plugins\SYDB.Plugin.Cache.AspNet\SYDB.Plugin.Cache.AspNet.csproj", "{F877B4E5-1BE6-494D-A636-0CB18EC11FD9}"
EndProject
Project("{FAE04EC0-301F-11D3-BF4B-00C04F79EFBC}") = "SYDB.Infrastructure.IOC", "03.SYDB.Infrastructure\SYDB.Infrastructure.IOC\SYDB.Infrastructure.IOC.csproj", "{56A67BE4-E50C-479A-A1DC-54312BEE180B}"
EndProject
Global
	GlobalSection(SolutionConfigurationPlatforms) = preSolution
		Debug|Any CPU = Debug|Any CPU
		Release|Any CPU = Release|Any CPU
	EndGlobalSection
	GlobalSection(ProjectConfigurationPlatforms) = postSolution
		{D6EF8D0E-AC88-42D0-9FF7-8D90F7F675DF}.Debug|Any CPU.ActiveCfg = Debug|Any CPU
		{D6EF8D0E-AC88-42D0-9FF7-8D90F7F675DF}.Debug|Any CPU.Build.0 = Debug|Any CPU
		{D6EF8D0E-AC88-42D0-9FF7-8D90F7F675DF}.Release|Any CPU.ActiveCfg = Release|Any CPU
		{D6EF8D0E-AC88-42D0-9FF7-8D90F7F675DF}.Release|Any CPU.Build.0 = Release|Any CPU
		{5F94CA27-8789-47E8-A994-E1189B139C7B}.Debug|Any CPU.ActiveCfg = Debug|Any CPU
		{5F94CA27-8789-47E8-A994-E1189B139C7B}.Debug|Any CPU.Build.0 = Debug|Any CPU
		{5F94CA27-8789-47E8-A994-E1189B139C7B}.Release|Any CPU.ActiveCfg = Release|Any CPU
		{5F94CA27-8789-47E8-A994-E1189B139C7B}.Release|Any CPU.Build.0 = Release|Any CPU
		{D0500657-8A2C-4732-B6D6-74DFC930A50A}.Debug|Any CPU.ActiveCfg = Debug|Any CPU
		{D0500657-8A2C-4732-B6D6-74DFC930A50A}.Debug|Any CPU.Build.0 = Debug|Any CPU
		{D0500657-8A2C-4732-B6D6-74DFC930A50A}.Release|Any CPU.ActiveCfg = Release|Any CPU
		{D0500657-8A2C-4732-B6D6-74DFC930A50A}.Release|Any CPU.Build.0 = Release|Any CPU
		{0EEEB406-F98D-4B6F-B60F-388144AE0AE9}.Debug|Any CPU.ActiveCfg = Debug|Any CPU
		{0EEEB406-F98D-4B6F-B60F-388144AE0AE9}.Debug|Any CPU.Build.0 = Debug|Any CPU
		{0EEEB406-F98D-4B6F-B60F-388144AE0AE9}.Release|Any CPU.ActiveCfg = Release|Any CPU
		{0EEEB406-F98D-4B6F-B60F-388144AE0AE9}.Release|Any CPU.Build.0 = Release|Any CPU
		{39138FC2-DF7A-4A46-9BB1-8A98C1B54F57}.Debug|Any CPU.ActiveCfg = Debug|Any CPU
		{39138FC2-DF7A-4A46-9BB1-8A98C1B54F57}.Debug|Any CPU.Build.0 = Debug|Any CPU
		{39138FC2-DF7A-4A46-9BB1-8A98C1B54F57}.Release|Any CPU.ActiveCfg = Release|Any CPU
		{39138FC2-DF7A-4A46-9BB1-8A98C1B54F57}.Release|Any CPU.Build.0 = Release|Any CPU
		{7647DD05-16E7-4F64-ADED-CE53766300A8}.Debug|Any CPU.ActiveCfg = Debug|Any CPU
		{7647DD05-16E7-4F64-ADED-CE53766300A8}.Debug|Any CPU.Build.0 = Debug|Any CPU
		{7647DD05-16E7-4F64-ADED-CE53766300A8}.Release|Any CPU.ActiveCfg = Release|Any CPU
		{7647DD05-16E7-4F64-ADED-CE53766300A8}.Release|Any CPU.Build.0 = Release|Any CPU
		{22D468CD-37F5-45A6-B1F8-0A900765759C}.Debug|Any CPU.ActiveCfg = Debug|Any CPU
		{22D468CD-37F5-45A6-B1F8-0A900765759C}.Debug|Any CPU.Build.0 = Debug|Any CPU
		{22D468CD-37F5-45A6-B1F8-0A900765759C}.Release|Any CPU.ActiveCfg = Release|Any CPU
		{22D468CD-37F5-45A6-B1F8-0A900765759C}.Release|Any CPU.Build.0 = Release|Any CPU
		{99AA534E-4287-4F12-9871-B366FBCB85CD}.Debug|Any CPU.ActiveCfg = Debug|Any CPU
		{99AA534E-4287-4F12-9871-B366FBCB85CD}.Debug|Any CPU.Build.0 = Debug|Any CPU
		{99AA534E-4287-4F12-9871-B366FBCB85CD}.Release|Any CPU.ActiveCfg = Release|Any CPU
		{99AA534E-4287-4F12-9871-B366FBCB85CD}.Release|Any CPU.Build.0 = Release|Any CPU
		{4C7BC941-5271-4303-8BB9-DED19427E310}.Debug|Any CPU.ActiveCfg = Debug|Any CPU
		{4C7BC941-5271-4303-8BB9-DED19427E310}.Debug|Any CPU.Build.0 = Debug|Any CPU
		{4C7BC941-5271-4303-8BB9-DED19427E310}.Release|Any CPU.ActiveCfg = Release|Any CPU
		{4C7BC941-5271-4303-8BB9-DED19427E310}.Release|Any CPU.Build.0 = Release|Any CPU
		{55DF688A-192A-45CB-B612-6DDD536FF3E8}.Debug|Any CPU.ActiveCfg = Debug|Any CPU
		{55DF688A-192A-45CB-B612-6DDD536FF3E8}.Debug|Any CPU.Build.0 = Debug|Any CPU
		{55DF688A-192A-45CB-B612-6DDD536FF3E8}.Release|Any CPU.ActiveCfg = Release|Any CPU
		{55DF688A-192A-45CB-B612-6DDD536FF3E8}.Release|Any CPU.Build.0 = Release|Any CPU
		{03014F27-533B-4EAB-85E5-80B8FFBB9137}.Debug|Any CPU.ActiveCfg = Debug|Any CPU
		{03014F27-533B-4EAB-85E5-80B8FFBB9137}.Debug|Any CPU.Build.0 = Debug|Any CPU
		{03014F27-533B-4EAB-85E5-80B8FFBB9137}.Release|Any CPU.ActiveCfg = Release|Any CPU
		{03014F27-533B-4EAB-85E5-80B8FFBB9137}.Release|Any CPU.Build.0 = Release|Any CPU
		{F877B4E5-1BE6-494D-A636-0CB18EC11FD9}.Debug|Any CPU.ActiveCfg = Debug|Any CPU
		{F877B4E5-1BE6-494D-A636-0CB18EC11FD9}.Debug|Any CPU.Build.0 = Debug|Any CPU
		{F877B4E5-1BE6-494D-A636-0CB18EC11FD9}.Release|Any CPU.ActiveCfg = Release|Any CPU
		{F877B4E5-1BE6-494D-A636-0CB18EC11FD9}.Release|Any CPU.Build.0 = Release|Any CPU
		{56A67BE4-E50C-479A-A1DC-54312BEE180B}.Debug|Any CPU.ActiveCfg = Debug|Any CPU
		{56A67BE4-E50C-479A-A1DC-54312BEE180B}.Debug|Any CPU.Build.0 = Debug|Any CPU
		{56A67BE4-E50C-479A-A1DC-54312BEE180B}.Release|Any CPU.ActiveCfg = Release|Any CPU
		{56A67BE4-E50C-479A-A1DC-54312BEE180B}.Release|Any CPU.Build.0 = Release|Any CPU
	EndGlobalSection
	GlobalSection(SolutionProperties) = preSolution
		HideSolutionNode = FALSE
	EndGlobalSection
	GlobalSection(NestedProjects) = preSolution
		{D6EF8D0E-AC88-42D0-9FF7-8D90F7F675DF} = {EF9DECD3-9C84-428A-92B5-8047865589B9}
		{5F94CA27-8789-47E8-A994-E1189B139C7B} = {EF9DECD3-9C84-428A-92B5-8047865589B9}
		{D0500657-8A2C-4732-B6D6-74DFC930A50A} = {4D94016B-2B71-446C-928F-A601A429F041}
		{0EEEB406-F98D-4B6F-B60F-388144AE0AE9} = {4D94016B-2B71-446C-928F-A601A429F041}
		{39138FC2-DF7A-4A46-9BB1-8A98C1B54F57} = {67B22B77-FC43-4127-9D9F-EBB8C861B839}
		{7647DD05-16E7-4F64-ADED-CE53766300A8} = {67B22B77-FC43-4127-9D9F-EBB8C861B839}
		{22D468CD-37F5-45A6-B1F8-0A900765759C} = {4D94016B-2B71-446C-928F-A601A429F041}
		{99AA534E-4287-4F12-9871-B366FBCB85CD} = {4D94016B-2B71-446C-928F-A601A429F041}
		{4C7BC941-5271-4303-8BB9-DED19427E310} = {EF9DECD3-9C84-428A-92B5-8047865589B9}
		{55DF688A-192A-45CB-B612-6DDD536FF3E8} = {4D94016B-2B71-446C-928F-A601A429F041}
		{03014F27-533B-4EAB-85E5-80B8FFBB9137} = {5F36A9AD-910E-418B-8364-367D0AE2217A}
		{F877B4E5-1BE6-494D-A636-0CB18EC11FD9} = {5F36A9AD-910E-418B-8364-367D0AE2217A}
		{56A67BE4-E50C-479A-A1DC-54312BEE180B} = {4D94016B-2B71-446C-928F-A601A429F041}
	EndGlobalSection
EndGlobal
